PODS:
  - GPUImage (0.1.7)
  - React/Core (0.11.0)
  - React/RCTNetwork (0.11.0):
    - React/Core
  - React/RCTText (0.11.0):
    - React/Core
  - React/RCTWebSocket (0.11.0):
    - React/Core
  - TesseractOCRiOS (4.0.0)

DEPENDENCIES:
  - GPUImage
  - React/Core
  - React/RCTNetwork
  - React/RCTText
  - React/RCTWebSocket
  - TesseractOCRiOS (= 4.0.0)

SPEC CHECKSUMS:
  GPUImage: 733a5f0fab92df9de1c37ba9df520a833ccb406d
  React: ab1a2e21deb34965c38328d5ec40cc7d12c6050a
  TesseractOCRiOS: 90638afbe43d082433f2e76b384c7901d23956df

PODFILE CHECKSUM: 75ac6cc20368b9100a59e64c63cc23483b20c203

COCOAPODS: 1.2.0
